
Microsoft Visual Studio Solution File, Format Version 12.00
# Visual Studio 15
Project("{FAE04EC0-301F-11D3-BF4B-00C04F79EFBC}") = "Person", "8888\Person.csproj", "{45A76D88-6A9B-46CD-92BC-085C0017A117}"
EndProject
Global
	GlobalSection(SolutionConfigurationPlatforms) = preSolution
		Debug|Any CPU = Debug|Any CPU
		Release|Any CPU = Release|Any CPU
	EndGlobalSection
	GlobalSection(ProjectConfigurationPlatforms) = postSolution
		{45A76D88-6A9B-46CD-92BC-085C0017A117}.Debug|Any CPU.ActiveCfg = Debug|Any CPU
		{45A76D88-6A9B-46CD-92BC-085C0017A117}.Debug|Any CPU.Build.0 = Debug|Any CPU
		{45A76D88-6A9B-46CD-92BC-085C0017A117}.Release|Any CPU.ActiveCfg = Release|Any CPU
		{45A76D88-6A9B-46CD-92BC-085C0017A117}.Release|Any CPU.Build.0 = Release|Any CPU
	EndGlobalSection
EndGlobal
